// !$*UTF8*$!
{
	archiveVersion = 1;
	classes = {
	};
	objectVersion = 56;
	objects = {

/* Begin PBXBuildFile section */
		790FFC6029FDB4D8006BCE34 /* WorkdaysManagerTests.swift in Sources */ = {isa = PBXBuildFile; fileRef = 790FFC5F29FDB4D8006BCE34 /* WorkdaysManagerTests.swift */; };
		7912FB3329F25DE4008BEA14 /* AddPhotoCell.swift in Sources */ = {isa = PBXBuildFile; fileRef = 7912FB3129F25DE4008BEA14 /* AddPhotoCell.swift */; };
		7912FB3429F25DE4008BEA14 /* AddPhotoCell.xib in Resources */ = {isa = PBXBuildFile; fileRef = 7912FB3229F25DE4008BEA14 /* AddPhotoCell.xib */; };
		7931A4D829FDB2E5000AE03C /* WorkdayDetailsManagerTests.swift in Sources */ = {isa = PBXBuildFile; fileRef = 7931A4D729FDB2E5000AE03C /* WorkdayDetailsManagerTests.swift */; };
		795BB46B29E63FB1000D7FB1 /* ColourTagButton.swift in Sources */ = {isa = PBXBuildFile; fileRef = 795BB46A29E63FB1000D7FB1 /* ColourTagButton.swift */; };
		795BB46E29E65D99000D7FB1 /* SettingsCell.swift in Sources */ = {isa = PBXBuildFile; fileRef = 795BB46C29E65D99000D7FB1 /* SettingsCell.swift */; };
		795BB46F29E65D99000D7FB1 /* SettingsCell.xib in Resources */ = {isa = PBXBuildFile; fileRef = 795BB46D29E65D99000D7FB1 /* SettingsCell.xib */; };
		795BB47129E66E3E000D7FB1 /* WorkdaysViewController.swift in Sources */ = {isa = PBXBuildFile; fileRef = 795BB47029E66E3E000D7FB1 /* WorkdaysViewController.swift */; };
		795BB47729E67881000D7FB1 /* CalendarCell.swift in Sources */ = {isa = PBXBuildFile; fileRef = 795BB47529E67881000D7FB1 /* CalendarCell.swift */; };
		795BB47A29E67CC8000D7FB1 /* CalendarManager.swift in Sources */ = {isa = PBXBuildFile; fileRef = 795BB47929E67CC8000D7FB1 /* CalendarManager.swift */; };
		795BB47C29E743F4000D7FB1 /* ExportViewController.swift in Sources */ = {isa = PBXBuildFile; fileRef = 795BB47B29E743F4000D7FB1 /* ExportViewController.swift */; };
		7964AFC029E7993900065863 /* Extensions.swift in Sources */ = {isa = PBXBuildFile; fileRef = 7964AFBF29E7993900065863 /* Extensions.swift */; };
		7964AFC329E7C24C00065863 /* UIColorHexSwift in Frameworks */ = {isa = PBXBuildFile; productRef = 7964AFC229E7C24C00065863 /* UIColorHexSwift */; };
		7964AFC829E89CDF00065863 /* AddEditClientManager.swift in Sources */ = {isa = PBXBuildFile; fileRef = 7964AFC729E89CDF00065863 /* AddEditClientManager.swift */; };
		7964AFCA29E8CF6300065863 /* ClientDetailsViewController.swift in Sources */ = {isa = PBXBuildFile; fileRef = 7964AFC929E8CF6300065863 /* ClientDetailsViewController.swift */; };
		7964AFCC29E9D91400065863 /* WorkDetailViewController.swift in Sources */ = {isa = PBXBuildFile; fileRef = 7964AFCB29E9D91400065863 /* WorkDetailViewController.swift */; };
		7964AFD929E9FEA000065863 /* WorkdayDetailsManager.swift in Sources */ = {isa = PBXBuildFile; fileRef = 7964AFD829E9FEA000065863 /* WorkdayDetailsManager.swift */; };
		7964AFDF29EB2CEE00065863 /* WorkdaysManager.swift in Sources */ = {isa = PBXBuildFile; fileRef = 7964AFDE29EB2CEE00065863 /* WorkdaysManager.swift */; };
		7964AFE129EB368900065863 /* AddEditWorkdayManager.swift in Sources */ = {isa = PBXBuildFile; fileRef = 7964AFE029EB368900065863 /* AddEditWorkdayManager.swift */; };
		7964AFE429EDE21F00065863 /* ClientSearchTextField.swift in Sources */ = {isa = PBXBuildFile; fileRef = 7964AFE329EDE21F00065863 /* ClientSearchTextField.swift */; };
		7983B00429F4A09900F2D76E /* WorkdayCell.swift in Sources */ = {isa = PBXBuildFile; fileRef = 7983B00229F4A09900F2D76E /* WorkdayCell.swift */; };
		7983B00529F4A09900F2D76E /* WorkdayCell.xib in Resources */ = {isa = PBXBuildFile; fileRef = 7983B00329F4A09900F2D76E /* WorkdayCell.xib */; };
		7983B00729F4C12700F2D76E /* SummaryManager.swift in Sources */ = {isa = PBXBuildFile; fileRef = 7983B00629F4C12700F2D76E /* SummaryManager.swift */; };
		7983B00929F7285600F2D76E /* ExportManager.swift in Sources */ = {isa = PBXBuildFile; fileRef = 7983B00829F7285600F2D76E /* ExportManager.swift */; };
		79A563F829FB31E8004E8A7E /* FloatingLabelTextField.swift in Sources */ = {isa = PBXBuildFile; fileRef = 79A563F729FB31E8004E8A7E /* FloatingLabelTextField.swift */; };
		79A5640A29FC9FDF004E8A7E /* GoogleService-Info.plist in Resources */ = {isa = PBXBuildFile; fileRef = 79A5640929FC9FDF004E8A7E /* GoogleService-Info.plist */; };
		79A5640E29FCB7EE004E8A7E /* FirebaseAnalyticsWithoutAdIdSupport in Frameworks */ = {isa = PBXBuildFile; productRef = 79A5640D29FCB7EE004E8A7E /* FirebaseAnalyticsWithoutAdIdSupport */; };
		79A5641029FCB7EE004E8A7E /* FirebaseCrashlytics in Frameworks */ = {isa = PBXBuildFile; productRef = 79A5640F29FCB7EE004E8A7E /* FirebaseCrashlytics */; };
		79A5641329FCB8E9004E8A7E /* UIColorHexSwift in Frameworks */ = {isa = PBXBuildFile; productRef = 79A5641229FCB8E9004E8A7E /* UIColorHexSwift */; };
		79A5641529FCB8F8004E8A7E /* FirebaseCrashlytics in Frameworks */ = {isa = PBXBuildFile; productRef = 79A5641429FCB8F8004E8A7E /* FirebaseCrashlytics */; };
		79A5641829FCB979004E8A7E /* AddEditWorkdayManagerTests.swift in Sources */ = {isa = PBXBuildFile; fileRef = 79A5641729FCB979004E8A7E /* AddEditWorkdayManagerTests.swift */; };
		79AB6D0F29FDAC1D002E5E83 /* CalendarManagerTests.swift in Sources */ = {isa = PBXBuildFile; fileRef = 79AB6D0E29FDAC1D002E5E83 /* CalendarManagerTests.swift */; };
		79AED58329F0DE9F00FBF2E4 /* PhotoCell.swift in Sources */ = {isa = PBXBuildFile; fileRef = 79AED58129F0DE9F00FBF2E4 /* PhotoCell.swift */; };
		79AED58429F0DE9F00FBF2E4 /* PhotoCell.xib in Resources */ = {isa = PBXBuildFile; fileRef = 79AED58229F0DE9F00FBF2E4 /* PhotoCell.xib */; };
		79AED58A29F1FBD800FBF2E4 /* PhotoViewController.swift in Sources */ = {isa = PBXBuildFile; fileRef = 79AED58929F1FBD800FBF2E4 /* PhotoViewController.swift */; };
		79AED58C29F2042900FBF2E4 /* PhotoCollectionCell.swift in Sources */ = {isa = PBXBuildFile; fileRef = 79AED58B29F2042900FBF2E4 /* PhotoCollectionCell.swift */; };
		79B0243729F88C6900162878 /* CoreDataService.swift in Sources */ = {isa = PBXBuildFile; fileRef = 79B0243629F88C6900162878 /* CoreDataService.swift */; };
		79C292A229EE6B5900A2A8BF /* Helper.swift in Sources */ = {isa = PBXBuildFile; fileRef = 79C292A129EE6B5900A2A8BF /* Helper.swift */; };
		79D5F6A929E5F04D00CA2542 /* ClientCell.swift in Sources */ = {isa = PBXBuildFile; fileRef = 79D5F6A729E5F04D00CA2542 /* ClientCell.swift */; };
		79D5F6AC29E606F000CA2542 /* AddEditClientViewController.swift in Sources */ = {isa = PBXBuildFile; fileRef = 79D5F6AB29E606F000CA2542 /* AddEditClientViewController.swift */; };
		79E4B9F629F3ADF000BE04FC /* CalendarDetailCell.swift in Sources */ = {isa = PBXBuildFile; fileRef = 79E4B9F429F3ADF000BE04FC /* CalendarDetailCell.swift */; };
		79E4B9F729F3ADF000BE04FC /* CalendarDetailCell.xib in Resources */ = {isa = PBXBuildFile; fileRef = 79E4B9F529F3ADF000BE04FC /* CalendarDetailCell.xib */; };
		79E4B9FA29F3AE2100BE04FC /* CalendarDetailController.swift in Sources */ = {isa = PBXBuildFile; fileRef = 79E4B9F929F3AE2100BE04FC /* CalendarDetailController.swift */; };
		79F1AFC829E4BD0E004CED4E /* HourlyTabBar.swift in Sources */ = {isa = PBXBuildFile; fileRef = 79F1AFC729E4BD0E004CED4E /* HourlyTabBar.swift */; };
		79F1AFCA29E4BD32004CED4E /* HourlyTabBarController.swift in Sources */ = {isa = PBXBuildFile; fileRef = 79F1AFC929E4BD32004CED4E /* HourlyTabBarController.swift */; };
		79F1AFCC29E4BFBB004CED4E /* CalendarViewController.swift in Sources */ = {isa = PBXBuildFile; fileRef = 79F1AFCB29E4BFBB004CED4E /* CalendarViewController.swift */; };
		79F1AFCE29E4BFD4004CED4E /* SettingsViewController.swift in Sources */ = {isa = PBXBuildFile; fileRef = 79F1AFCD29E4BFD4004CED4E /* SettingsViewController.swift */; };
		79F1AFD029E4C047004CED4E /* AddEditWorkdayViewController.swift in Sources */ = {isa = PBXBuildFile; fileRef = 79F1AFCF29E4C047004CED4E /* AddEditWorkdayViewController.swift */; };
		79F1AFD229E4C07A004CED4E /* ClientsViewController.swift in Sources */ = {isa = PBXBuildFile; fileRef = 79F1AFD129E4C07A004CED4E /* ClientsViewController.swift */; };
		79F1AFD429E4C8CD004CED4E /* Constants.swift in Sources */ = {isa = PBXBuildFile; fileRef = 79F1AFD329E4C8CD004CED4E /* Constants.swift */; };
		79FA886E29E4AD66003C6DFB /* AppDelegate.swift in Sources */ = {isa = PBXBuildFile; fileRef = 79FA886D29E4AD66003C6DFB /* AppDelegate.swift */; };
		79FA887029E4AD66003C6DFB /* SceneDelegate.swift in Sources */ = {isa = PBXBuildFile; fileRef = 79FA886F29E4AD66003C6DFB /* SceneDelegate.swift */; };
		79FA887229E4AD66003C6DFB /* SummaryViewController.swift in Sources */ = {isa = PBXBuildFile; fileRef = 79FA887129E4AD66003C6DFB /* SummaryViewController.swift */; };
		79FA887529E4AD66003C6DFB /* Main.storyboard in Resources */ = {isa = PBXBuildFile; fileRef = 79FA887329E4AD66003C6DFB /* Main.storyboard */; };
		79FA887829E4AD66003C6DFB /* DataModel.xcdatamodeld in Sources */ = {isa = PBXBuildFile; fileRef = 79FA887629E4AD66003C6DFB /* DataModel.xcdatamodeld */; };
		79FA887A29E4AD67003C6DFB /* Assets.xcassets in Resources */ = {isa = PBXBuildFile; fileRef = 79FA887929E4AD67003C6DFB /* Assets.xcassets */; };
		79FA887D29E4AD67003C6DFB /* LaunchScreen.storyboard in Resources */ = {isa = PBXBuildFile; fileRef = 79FA887B29E4AD67003C6DFB /* LaunchScreen.storyboard */; };
		79FA888829E4AD67003C6DFB /* HourlyTests.swift in Sources */ = {isa = PBXBuildFile; fileRef = 79FA888729E4AD67003C6DFB /* HourlyTests.swift */; };
		79FA889229E4AD67003C6DFB /* HourlyUITests.swift in Sources */ = {isa = PBXBuildFile; fileRef = 79FA889129E4AD67003C6DFB /* HourlyUITests.swift */; };
		79FA889429E4AD67003C6DFB /* HourlyUITestsLaunchTests.swift in Sources */ = {isa = PBXBuildFile; fileRef = 79FA889329E4AD67003C6DFB /* HourlyUITestsLaunchTests.swift */; };
		79FA88A629E4B2BD003C6DFB /* StringResource.swift in Sources */ = {isa = PBXBuildFile; fileRef = 79FA88A529E4B2BD003C6DFB /* StringResource.swift */; };
		79FA88A929E4B37E003C6DFB /* Localizable.strings in Resources */ = {isa = PBXBuildFile; fileRef = 79FA88AB29E4B37E003C6DFB /* Localizable.strings */; };
/* End PBXBuildFile section */

/* Begin PBXContainerItemProxy section */
		79FA888429E4AD67003C6DFB /* PBXContainerItemProxy */ = {
			isa = PBXContainerItemProxy;
			containerPortal = 79FA886229E4AD66003C6DFB /* Project object */;
			proxyType = 1;
			remoteGlobalIDString = 79FA886929E4AD66003C6DFB;
			remoteInfo = Hourly;
		};
		79FA888E29E4AD67003C6DFB /* PBXContainerItemProxy */ = {
			isa = PBXContainerItemProxy;
			containerPortal = 79FA886229E4AD66003C6DFB /* Project object */;
			proxyType = 1;
			remoteGlobalIDString = 79FA886929E4AD66003C6DFB;
			remoteInfo = Hourly;
		};
/* End PBXContainerItemProxy section */

/* Begin PBXFileReference section */
		790FFC5F29FDB4D8006BCE34 /* WorkdaysManagerTests.swift */ = {isa = PBXFileReference; lastKnownFileType = sourcecode.swift; path = WorkdaysManagerTests.swift; sourceTree = "<group>"; };
		7912FB3129F25DE4008BEA14 /* AddPhotoCell.swift */ = {isa = PBXFileReference; lastKnownFileType = sourcecode.swift; path = AddPhotoCell.swift; sourceTree = "<group>"; };
		7912FB3229F25DE4008BEA14 /* AddPhotoCell.xib */ = {isa = PBXFileReference; lastKnownFileType = file.xib; path = AddPhotoCell.xib; sourceTree = "<group>"; };
		7931A4D729FDB2E5000AE03C /* WorkdayDetailsManagerTests.swift */ = {isa = PBXFileReference; lastKnownFileType = sourcecode.swift; path = WorkdayDetailsManagerTests.swift; sourceTree = "<group>"; };
		795BB46A29E63FB1000D7FB1 /* ColourTagButton.swift */ = {isa = PBXFileReference; lastKnownFileType = sourcecode.swift; path = ColourTagButton.swift; sourceTree = "<group>"; };
		795BB46C29E65D99000D7FB1 /* SettingsCell.swift */ = {isa = PBXFileReference; lastKnownFileType = sourcecode.swift; path = SettingsCell.swift; sourceTree = "<group>"; };
		795BB46D29E65D99000D7FB1 /* SettingsCell.xib */ = {isa = PBXFileReference; lastKnownFileType = file.xib; path = SettingsCell.xib; sourceTree = "<group>"; };
		795BB47029E66E3E000D7FB1 /* WorkdaysViewController.swift */ = {isa = PBXFileReference; lastKnownFileType = sourcecode.swift; path = WorkdaysViewController.swift; sourceTree = "<group>"; };
		795BB47529E67881000D7FB1 /* CalendarCell.swift */ = {isa = PBXFileReference; lastKnownFileType = sourcecode.swift; path = CalendarCell.swift; sourceTree = "<group>"; };
		795BB47929E67CC8000D7FB1 /* CalendarManager.swift */ = {isa = PBXFileReference; lastKnownFileType = sourcecode.swift; path = CalendarManager.swift; sourceTree = "<group>"; };
		795BB47B29E743F4000D7FB1 /* ExportViewController.swift */ = {isa = PBXFileReference; lastKnownFileType = sourcecode.swift; path = ExportViewController.swift; sourceTree = "<group>"; };
		7964AFBF29E7993900065863 /* Extensions.swift */ = {isa = PBXFileReference; lastKnownFileType = sourcecode.swift; path = Extensions.swift; sourceTree = "<group>"; };
		7964AFC729E89CDF00065863 /* AddEditClientManager.swift */ = {isa = PBXFileReference; lastKnownFileType = sourcecode.swift; path = AddEditClientManager.swift; sourceTree = "<group>"; };
		7964AFC929E8CF6300065863 /* ClientDetailsViewController.swift */ = {isa = PBXFileReference; lastKnownFileType = sourcecode.swift; path = ClientDetailsViewController.swift; sourceTree = "<group>"; };
		7964AFCB29E9D91400065863 /* WorkDetailViewController.swift */ = {isa = PBXFileReference; lastKnownFileType = sourcecode.swift; path = WorkDetailViewController.swift; sourceTree = "<group>"; };
		7964AFD829E9FEA000065863 /* WorkdayDetailsManager.swift */ = {isa = PBXFileReference; lastKnownFileType = sourcecode.swift; path = WorkdayDetailsManager.swift; sourceTree = "<group>"; };
		7964AFDE29EB2CEE00065863 /* WorkdaysManager.swift */ = {isa = PBXFileReference; lastKnownFileType = sourcecode.swift; path = WorkdaysManager.swift; sourceTree = "<group>"; };
		7964AFE029EB368900065863 /* AddEditWorkdayManager.swift */ = {isa = PBXFileReference; lastKnownFileType = sourcecode.swift; path = AddEditWorkdayManager.swift; sourceTree = "<group>"; };
		7964AFE329EDE21F00065863 /* ClientSearchTextField.swift */ = {isa = PBXFileReference; lastKnownFileType = sourcecode.swift; path = ClientSearchTextField.swift; sourceTree = "<group>"; };
		7983B00229F4A09900F2D76E /* WorkdayCell.swift */ = {isa = PBXFileReference; lastKnownFileType = sourcecode.swift; path = WorkdayCell.swift; sourceTree = "<group>"; };
		7983B00329F4A09900F2D76E /* WorkdayCell.xib */ = {isa = PBXFileReference; lastKnownFileType = file.xib; path = WorkdayCell.xib; sourceTree = "<group>"; };
		7983B00629F4C12700F2D76E /* SummaryManager.swift */ = {isa = PBXFileReference; lastKnownFileType = sourcecode.swift; path = SummaryManager.swift; sourceTree = "<group>"; };
		7983B00829F7285600F2D76E /* ExportManager.swift */ = {isa = PBXFileReference; lastKnownFileType = sourcecode.swift; path = ExportManager.swift; sourceTree = "<group>"; };
		79A563F729FB31E8004E8A7E /* FloatingLabelTextField.swift */ = {isa = PBXFileReference; lastKnownFileType = sourcecode.swift; path = FloatingLabelTextField.swift; sourceTree = "<group>"; };
		79A5640929FC9FDF004E8A7E /* GoogleService-Info.plist */ = {isa = PBXFileReference; fileEncoding = 4; lastKnownFileType = text.plist.xml; path = "GoogleService-Info.plist"; sourceTree = "<group>"; };
		79A5641729FCB979004E8A7E /* AddEditWorkdayManagerTests.swift */ = {isa = PBXFileReference; lastKnownFileType = sourcecode.swift; path = AddEditWorkdayManagerTests.swift; sourceTree = "<group>"; };
		79AB6D0E29FDAC1D002E5E83 /* CalendarManagerTests.swift */ = {isa = PBXFileReference; lastKnownFileType = sourcecode.swift; path = CalendarManagerTests.swift; sourceTree = "<group>"; };
		79AED58129F0DE9F00FBF2E4 /* PhotoCell.swift */ = {isa = PBXFileReference; lastKnownFileType = sourcecode.swift; path = PhotoCell.swift; sourceTree = "<group>"; };
		79AED58229F0DE9F00FBF2E4 /* PhotoCell.xib */ = {isa = PBXFileReference; lastKnownFileType = file.xib; path = PhotoCell.xib; sourceTree = "<group>"; };
		79AED58929F1FBD800FBF2E4 /* PhotoViewController.swift */ = {isa = PBXFileReference; lastKnownFileType = sourcecode.swift; path = PhotoViewController.swift; sourceTree = "<group>"; };
		79AED58B29F2042900FBF2E4 /* PhotoCollectionCell.swift */ = {isa = PBXFileReference; lastKnownFileType = sourcecode.swift; path = PhotoCollectionCell.swift; sourceTree = "<group>"; };
		79B0243629F88C6900162878 /* CoreDataService.swift */ = {isa = PBXFileReference; lastKnownFileType = sourcecode.swift; path = CoreDataService.swift; sourceTree = "<group>"; };
		79C292A129EE6B5900A2A8BF /* Helper.swift */ = {isa = PBXFileReference; lastKnownFileType = sourcecode.swift; path = Helper.swift; sourceTree = "<group>"; };
		79D5F6A729E5F04D00CA2542 /* ClientCell.swift */ = {isa = PBXFileReference; lastKnownFileType = sourcecode.swift; path = ClientCell.swift; sourceTree = "<group>"; };
		79D5F6AB29E606F000CA2542 /* AddEditClientViewController.swift */ = {isa = PBXFileReference; lastKnownFileType = sourcecode.swift; path = AddEditClientViewController.swift; sourceTree = "<group>"; };
		79E4B9F429F3ADF000BE04FC /* CalendarDetailCell.swift */ = {isa = PBXFileReference; lastKnownFileType = sourcecode.swift; path = CalendarDetailCell.swift; sourceTree = "<group>"; };
		79E4B9F529F3ADF000BE04FC /* CalendarDetailCell.xib */ = {isa = PBXFileReference; lastKnownFileType = file.xib; path = CalendarDetailCell.xib; sourceTree = "<group>"; };
		79E4B9F929F3AE2100BE04FC /* CalendarDetailController.swift */ = {isa = PBXFileReference; lastKnownFileType = sourcecode.swift; path = CalendarDetailController.swift; sourceTree = "<group>"; };
		79F1AFC729E4BD0E004CED4E /* HourlyTabBar.swift */ = {isa = PBXFileReference; lastKnownFileType = sourcecode.swift; path = HourlyTabBar.swift; sourceTree = "<group>"; };
		79F1AFC929E4BD32004CED4E /* HourlyTabBarController.swift */ = {isa = PBXFileReference; lastKnownFileType = sourcecode.swift; path = HourlyTabBarController.swift; sourceTree = "<group>"; };
		79F1AFCB29E4BFBB004CED4E /* CalendarViewController.swift */ = {isa = PBXFileReference; lastKnownFileType = sourcecode.swift; path = CalendarViewController.swift; sourceTree = "<group>"; };
		79F1AFCD29E4BFD4004CED4E /* SettingsViewController.swift */ = {isa = PBXFileReference; lastKnownFileType = sourcecode.swift; path = SettingsViewController.swift; sourceTree = "<group>"; };
		79F1AFCF29E4C047004CED4E /* AddEditWorkdayViewController.swift */ = {isa = PBXFileReference; lastKnownFileType = sourcecode.swift; path = AddEditWorkdayViewController.swift; sourceTree = "<group>"; };
		79F1AFD129E4C07A004CED4E /* ClientsViewController.swift */ = {isa = PBXFileReference; lastKnownFileType = sourcecode.swift; path = ClientsViewController.swift; sourceTree = "<group>"; };
		79F1AFD329E4C8CD004CED4E /* Constants.swift */ = {isa = PBXFileReference; lastKnownFileType = sourcecode.swift; path = Constants.swift; sourceTree = "<group>"; };
		79FA886A29E4AD66003C6DFB /* Hourly.app */ = {isa = PBXFileReference; explicitFileType = wrapper.application; includeInIndex = 0; path = Hourly.app; sourceTree = BUILT_PRODUCTS_DIR; };
		79FA886D29E4AD66003C6DFB /* AppDelegate.swift */ = {isa = PBXFileReference; lastKnownFileType = sourcecode.swift; path = AppDelegate.swift; sourceTree = "<group>"; };
		79FA886F29E4AD66003C6DFB /* SceneDelegate.swift */ = {isa = PBXFileReference; lastKnownFileType = sourcecode.swift; path = SceneDelegate.swift; sourceTree = "<group>"; };
		79FA887129E4AD66003C6DFB /* SummaryViewController.swift */ = {isa = PBXFileReference; lastKnownFileType = sourcecode.swift; path = SummaryViewController.swift; sourceTree = "<group>"; };
		79FA887429E4AD66003C6DFB /* Base */ = {isa = PBXFileReference; lastKnownFileType = file.storyboard; name = Base; path = Base.lproj/Main.storyboard; sourceTree = "<group>"; };
		79FA887729E4AD66003C6DFB /* Hourly.xcdatamodel */ = {isa = PBXFileReference; lastKnownFileType = wrapper.xcdatamodel; path = Hourly.xcdatamodel; sourceTree = "<group>"; };
		79FA887929E4AD67003C6DFB /* Assets.xcassets */ = {isa = PBXFileReference; lastKnownFileType = folder.assetcatalog; path = Assets.xcassets; sourceTree = "<group>"; };
		79FA887C29E4AD67003C6DFB /* Base */ = {isa = PBXFileReference; lastKnownFileType = file.storyboard; name = Base; path = Base.lproj/LaunchScreen.storyboard; sourceTree = "<group>"; };
		79FA887E29E4AD67003C6DFB /* Info.plist */ = {isa = PBXFileReference; lastKnownFileType = text.plist.xml; path = Info.plist; sourceTree = "<group>"; };
		79FA888329E4AD67003C6DFB /* HourlyTests.xctest */ = {isa = PBXFileReference; explicitFileType = wrapper.cfbundle; includeInIndex = 0; path = HourlyTests.xctest; sourceTree = BUILT_PRODUCTS_DIR; };
		79FA888729E4AD67003C6DFB /* HourlyTests.swift */ = {isa = PBXFileReference; lastKnownFileType = sourcecode.swift; path = HourlyTests.swift; sourceTree = "<group>"; };
		79FA888D29E4AD67003C6DFB /* HourlyUITests.xctest */ = {isa = PBXFileReference; explicitFileType = wrapper.cfbundle; includeInIndex = 0; path = HourlyUITests.xctest; sourceTree = BUILT_PRODUCTS_DIR; };
		79FA889129E4AD67003C6DFB /* HourlyUITests.swift */ = {isa = PBXFileReference; lastKnownFileType = sourcecode.swift; path = HourlyUITests.swift; sourceTree = "<group>"; };
		79FA889329E4AD67003C6DFB /* HourlyUITestsLaunchTests.swift */ = {isa = PBXFileReference; lastKnownFileType = sourcecode.swift; path = HourlyUITestsLaunchTests.swift; sourceTree = "<group>"; };
		79FA88A529E4B2BD003C6DFB /* StringResource.swift */ = {isa = PBXFileReference; lastKnownFileType = sourcecode.swift; path = StringResource.swift; sourceTree = "<group>"; };
		79FA88AA29E4B37E003C6DFB /* en */ = {isa = PBXFileReference; lastKnownFileType = text.plist.strings; name = en; path = en.lproj/Localizable.strings; sourceTree = "<group>"; };
/* End PBXFileReference section */

/* Begin PBXFrameworksBuildPhase section */
		79FA886729E4AD66003C6DFB /* Frameworks */ = {
			isa = PBXFrameworksBuildPhase;
			buildActionMask = 2147483647;
			files = (
				79A5641029FCB7EE004E8A7E /* FirebaseCrashlytics in Frameworks */,
				7964AFC329E7C24C00065863 /* UIColorHexSwift in Frameworks */,
				79A5640E29FCB7EE004E8A7E /* FirebaseAnalyticsWithoutAdIdSupport in Frameworks */,
			);
			runOnlyForDeploymentPostprocessing = 0;
		};
		79FA888029E4AD67003C6DFB /* Frameworks */ = {
			isa = PBXFrameworksBuildPhase;
			buildActionMask = 2147483647;
			files = (
				79A5641329FCB8E9004E8A7E /* UIColorHexSwift in Frameworks */,
				79A5641529FCB8F8004E8A7E /* FirebaseCrashlytics in Frameworks */,
			);
			runOnlyForDeploymentPostprocessing = 0;
		};
		79FA888A29E4AD67003C6DFB /* Frameworks */ = {
			isa = PBXFrameworksBuildPhase;
			buildActionMask = 2147483647;
			files = (
			);
			runOnlyForDeploymentPostprocessing = 0;
		};
/* End PBXFrameworksBuildPhase section */

/* Begin PBXGroup section */
		795BB47229E67798000D7FB1 /* Cells */ = {
			isa = PBXGroup;
			children = (
				79D5F6A729E5F04D00CA2542 /* ClientCell.swift */,
				795BB46C29E65D99000D7FB1 /* SettingsCell.swift */,
				795BB46D29E65D99000D7FB1 /* SettingsCell.xib */,
				795BB47529E67881000D7FB1 /* CalendarCell.swift */,
				79AED58129F0DE9F00FBF2E4 /* PhotoCell.swift */,
				79AED58229F0DE9F00FBF2E4 /* PhotoCell.xib */,
				79AED58B29F2042900FBF2E4 /* PhotoCollectionCell.swift */,
				7912FB3129F25DE4008BEA14 /* AddPhotoCell.swift */,
				7912FB3229F25DE4008BEA14 /* AddPhotoCell.xib */,
				79E4B9F429F3ADF000BE04FC /* CalendarDetailCell.swift */,
				79E4B9F529F3ADF000BE04FC /* CalendarDetailCell.xib */,
				7983B00229F4A09900F2D76E /* WorkdayCell.swift */,
				7983B00329F4A09900F2D76E /* WorkdayCell.xib */,
			);
			path = Cells;
			sourceTree = "<group>";
		};
		79A5641129FCB8E9004E8A7E /* Frameworks */ = {
			isa = PBXGroup;
			children = (
			);
			name = Frameworks;
			sourceTree = "<group>";
		};
		79A5641629FCB950004E8A7E /* Model */ = {
			isa = PBXGroup;
			children = (
				79A5641729FCB979004E8A7E /* AddEditWorkdayManagerTests.swift */,
				79AB6D0E29FDAC1D002E5E83 /* CalendarManagerTests.swift */,
				7931A4D729FDB2E5000AE03C /* WorkdayDetailsManagerTests.swift */,
				790FFC5F29FDB4D8006BCE34 /* WorkdaysManagerTests.swift */,
			);
			path = Model;
			sourceTree = "<group>";
		};
		79C2929B29EE1DC300A2A8BF /* Client */ = {
			isa = PBXGroup;
			children = (
				79F1AFD129E4C07A004CED4E /* ClientsViewController.swift */,
				79D5F6AB29E606F000CA2542 /* AddEditClientViewController.swift */,
				7964AFC929E8CF6300065863 /* ClientDetailsViewController.swift */,
			);
			path = Client;
			sourceTree = "<group>";
		};
		79C2929C29EE1DD200A2A8BF /* Workday */ = {
			isa = PBXGroup;
			children = (
				79F1AFCF29E4C047004CED4E /* AddEditWorkdayViewController.swift */,
				795BB47029E66E3E000D7FB1 /* WorkdaysViewController.swift */,
				7964AFCB29E9D91400065863 /* WorkDetailViewController.swift */,
				79AED58929F1FBD800FBF2E4 /* PhotoViewController.swift */,
			);
			path = Workday;
			sourceTree = "<group>";
		};
		79E4B9F829F3AE0100BE04FC /* Calendar */ = {
			isa = PBXGroup;
			children = (
				79F1AFCB29E4BFBB004CED4E /* CalendarViewController.swift */,
				79E4B9F929F3AE2100BE04FC /* CalendarDetailController.swift */,
			);
			path = Calendar;
			sourceTree = "<group>";
		};
		79F1AFD929E51971004CED4E /* Data */ = {
			isa = PBXGroup;
			children = (
				79FA887629E4AD66003C6DFB /* DataModel.xcdatamodeld */,
				79B0243629F88C6900162878 /* CoreDataService.swift */,
			);
			path = Data;
			sourceTree = "<group>";
		};
		79FA886129E4AD66003C6DFB = {
			isa = PBXGroup;
			children = (
				79FA886C29E4AD66003C6DFB /* Hourly */,
				79FA888629E4AD67003C6DFB /* HourlyTests */,
				79FA889029E4AD67003C6DFB /* HourlyUITests */,
				79FA886B29E4AD66003C6DFB /* Products */,
				79A5641129FCB8E9004E8A7E /* Frameworks */,
			);
			sourceTree = "<group>";
		};
		79FA886B29E4AD66003C6DFB /* Products */ = {
			isa = PBXGroup;
			children = (
				79FA886A29E4AD66003C6DFB /* Hourly.app */,
				79FA888329E4AD67003C6DFB /* HourlyTests.xctest */,
				79FA888D29E4AD67003C6DFB /* HourlyUITests.xctest */,
			);
			name = Products;
			sourceTree = "<group>";
		};
		79FA886C29E4AD66003C6DFB /* Hourly */ = {
			isa = PBXGroup;
			children = (
				79A5640929FC9FDF004E8A7E /* GoogleService-Info.plist */,
				79FA88A029E4B256003C6DFB /* Utils */,
				79FA886D29E4AD66003C6DFB /* AppDelegate.swift */,
				79FA886F29E4AD66003C6DFB /* SceneDelegate.swift */,
				79FA88A429E4B28F003C6DFB /* Model */,
				79FA88A229E4B279003C6DFB /* View */,
				79FA88A329E4B282003C6DFB /* Controller */,
				79FA887929E4AD67003C6DFB /* Assets.xcassets */,
				79FA887B29E4AD67003C6DFB /* LaunchScreen.storyboard */,
				79FA887E29E4AD67003C6DFB /* Info.plist */,
			);
			path = Hourly;
			sourceTree = "<group>";
		};
		79FA888629E4AD67003C6DFB /* HourlyTests */ = {
			isa = PBXGroup;
			children = (
				79A5641629FCB950004E8A7E /* Model */,
				79FA888729E4AD67003C6DFB /* HourlyTests.swift */,
			);
			path = HourlyTests;
			sourceTree = "<group>";
		};
		79FA889029E4AD67003C6DFB /* HourlyUITests */ = {
			isa = PBXGroup;
			children = (
				79FA889129E4AD67003C6DFB /* HourlyUITests.swift */,
				79FA889329E4AD67003C6DFB /* HourlyUITestsLaunchTests.swift */,
			);
			path = HourlyUITests;
			sourceTree = "<group>";
		};
		79FA88A029E4B256003C6DFB /* Utils */ = {
			isa = PBXGroup;
			children = (
				79FA88A129E4B25D003C6DFB /* Localizables */,
				79F1AFD329E4C8CD004CED4E /* Constants.swift */,
				7964AFBF29E7993900065863 /* Extensions.swift */,
				79C292A129EE6B5900A2A8BF /* Helper.swift */,
			);
			path = Utils;
			sourceTree = "<group>";
		};
		79FA88A129E4B25D003C6DFB /* Localizables */ = {
			isa = PBXGroup;
			children = (
				79FA88A529E4B2BD003C6DFB /* StringResource.swift */,
				79FA88AB29E4B37E003C6DFB /* Localizable.strings */,
			);
			path = Localizables;
			sourceTree = "<group>";
		};
		79FA88A229E4B279003C6DFB /* View */ = {
			isa = PBXGroup;
			children = (
				7964AFE329EDE21F00065863 /* ClientSearchTextField.swift */,
				795BB47229E67798000D7FB1 /* Cells */,
				79FA887329E4AD66003C6DFB /* Main.storyboard */,
				79F1AFC729E4BD0E004CED4E /* HourlyTabBar.swift */,
				795BB46A29E63FB1000D7FB1 /* ColourTagButton.swift */,
				79A563F729FB31E8004E8A7E /* FloatingLabelTextField.swift */,
			);
			path = View;
			sourceTree = "<group>";
		};
		79FA88A329E4B282003C6DFB /* Controller */ = {
			isa = PBXGroup;
			children = (
				79E4B9F829F3AE0100BE04FC /* Calendar */,
				79FA887129E4AD66003C6DFB /* SummaryViewController.swift */,
				79F1AFC929E4BD32004CED4E /* HourlyTabBarController.swift */,
				79F1AFCD29E4BFD4004CED4E /* SettingsViewController.swift */,
				79C2929C29EE1DD200A2A8BF /* Workday */,
				79C2929B29EE1DC300A2A8BF /* Client */,
				795BB47B29E743F4000D7FB1 /* ExportViewController.swift */,
			);
			path = Controller;
			sourceTree = "<group>";
		};
		79FA88A429E4B28F003C6DFB /* Model */ = {
			isa = PBXGroup;
			children = (
				7964AFE029EB368900065863 /* AddEditWorkdayManager.swift */,
				79F1AFD929E51971004CED4E /* Data */,
				795BB47929E67CC8000D7FB1 /* CalendarManager.swift */,
				7964AFC729E89CDF00065863 /* AddEditClientManager.swift */,
				7964AFD829E9FEA000065863 /* WorkdayDetailsManager.swift */,
				7964AFDE29EB2CEE00065863 /* WorkdaysManager.swift */,
				7983B00629F4C12700F2D76E /* SummaryManager.swift */,
				7983B00829F7285600F2D76E /* ExportManager.swift */,
			);
			path = Model;
			sourceTree = "<group>";
		};
/* End PBXGroup section */

/* Begin PBXNativeTarget section */
		79FA886929E4AD66003C6DFB /* Hourly */ = {
			isa = PBXNativeTarget;
			buildConfigurationList = 79FA889729E4AD67003C6DFB /* Build configuration list for PBXNativeTarget "Hourly" */;
			buildPhases = (
				79FA886629E4AD66003C6DFB /* Sources */,
				79FA886729E4AD66003C6DFB /* Frameworks */,
				79FA886829E4AD66003C6DFB /* Resources */,
				79A5640829FC9DE8004E8A7E /* Run Script */,
			);
			buildRules = (
			);
			dependencies = (
			);
			name = Hourly;
			packageProductDependencies = (
				7964AFC229E7C24C00065863 /* UIColorHexSwift */,
				79A5640D29FCB7EE004E8A7E /* FirebaseAnalyticsWithoutAdIdSupport */,
				79A5640F29FCB7EE004E8A7E /* FirebaseCrashlytics */,
			);
			productName = Hourly;
			productReference = 79FA886A29E4AD66003C6DFB /* Hourly.app */;
			productType = "com.apple.product-type.application";
		};
		79FA888229E4AD67003C6DFB /* HourlyTests */ = {
			isa = PBXNativeTarget;
			buildConfigurationList = 79FA889A29E4AD67003C6DFB /* Build configuration list for PBXNativeTarget "HourlyTests" */;
			buildPhases = (
				79FA887F29E4AD67003C6DFB /* Sources */,
				79FA888029E4AD67003C6DFB /* Frameworks */,
				79FA888129E4AD67003C6DFB /* Resources */,
			);
			buildRules = (
			);
			dependencies = (
				79FA888529E4AD67003C6DFB /* PBXTargetDependency */,
			);
			name = HourlyTests;
			packageProductDependencies = (
				79A5641229FCB8E9004E8A7E /* UIColorHexSwift */,
				79A5641429FCB8F8004E8A7E /* FirebaseCrashlytics */,
			);
			productName = HourlyTests;
			productReference = 79FA888329E4AD67003C6DFB /* HourlyTests.xctest */;
			productType = "com.apple.product-type.bundle.unit-test";
		};
		79FA888C29E4AD67003C6DFB /* HourlyUITests */ = {
			isa = PBXNativeTarget;
			buildConfigurationList = 79FA889D29E4AD67003C6DFB /* Build configuration list for PBXNativeTarget "HourlyUITests" */;
			buildPhases = (
				79FA888929E4AD67003C6DFB /* Sources */,
				79FA888A29E4AD67003C6DFB /* Frameworks */,
				79FA888B29E4AD67003C6DFB /* Resources */,
			);
			buildRules = (
			);
			dependencies = (
				79FA888F29E4AD67003C6DFB /* PBXTargetDependency */,
			);
			name = HourlyUITests;
			productName = HourlyUITests;
			productReference = 79FA888D29E4AD67003C6DFB /* HourlyUITests.xctest */;
			productType = "com.apple.product-type.bundle.ui-testing";
		};
/* End PBXNativeTarget section */

/* Begin PBXProject section */
		79FA886229E4AD66003C6DFB /* Project object */ = {
			isa = PBXProject;
			attributes = {
				BuildIndependentTargetsInParallel = 1;
				LastSwiftUpdateCheck = 1430;
				LastUpgradeCheck = 1430;
				TargetAttributes = {
					79FA886929E4AD66003C6DFB = {
						CreatedOnToolsVersion = 14.3;
					};
					79FA888229E4AD67003C6DFB = {
						CreatedOnToolsVersion = 14.3;
						TestTargetID = 79FA886929E4AD66003C6DFB;
					};
					79FA888C29E4AD67003C6DFB = {
						CreatedOnToolsVersion = 14.3;
						TestTargetID = 79FA886929E4AD66003C6DFB;
					};
				};
			};
			buildConfigurationList = 79FA886529E4AD66003C6DFB /* Build configuration list for PBXProject "Hourly" */;
			compatibilityVersion = "Xcode 14.0";
			developmentRegion = en;
			hasScannedForEncodings = 0;
			knownRegions = (
				en,
				Base,
			);
			mainGroup = 79FA886129E4AD66003C6DFB;
			packageReferences = (
				7964AFC129E7C24C00065863 /* XCRemoteSwiftPackageReference "UIColor-Hex-Swift" */,
				79A5640C29FCB7EE004E8A7E /* XCRemoteSwiftPackageReference "firebase-ios-sdk" */,
			);
			productRefGroup = 79FA886B29E4AD66003C6DFB /* Products */;
			projectDirPath = "";
			projectRoot = "";
			targets = (
				79FA886929E4AD66003C6DFB /* Hourly */,
				79FA888229E4AD67003C6DFB /* HourlyTests */,
				79FA888C29E4AD67003C6DFB /* HourlyUITests */,
			);
		};
/* End PBXProject section */

/* Begin PBXResourcesBuildPhase section */
		79FA886829E4AD66003C6DFB /* Resources */ = {
			isa = PBXResourcesBuildPhase;
			buildActionMask = 2147483647;
			files = (
				7912FB3429F25DE4008BEA14 /* AddPhotoCell.xib in Resources */,
				79AED58429F0DE9F00FBF2E4 /* PhotoCell.xib in Resources */,
				795BB46F29E65D99000D7FB1 /* SettingsCell.xib in Resources */,
				79FA887D29E4AD67003C6DFB /* LaunchScreen.storyboard in Resources */,
				79E4B9F729F3ADF000BE04FC /* CalendarDetailCell.xib in Resources */,
				79FA88A929E4B37E003C6DFB /* Localizable.strings in Resources */,
				79FA887A29E4AD67003C6DFB /* Assets.xcassets in Resources */,
				79A5640A29FC9FDF004E8A7E /* GoogleService-Info.plist in Resources */,
				7983B00529F4A09900F2D76E /* WorkdayCell.xib in Resources */,
				79FA887529E4AD66003C6DFB /* Main.storyboard in Resources */,
			);
			runOnlyForDeploymentPostprocessing = 0;
		};
		79FA888129E4AD67003C6DFB /* Resources */ = {
			isa = PBXResourcesBuildPhase;
			buildActionMask = 2147483647;
			files = (
			);
			runOnlyForDeploymentPostprocessing = 0;
		};
		79FA888B29E4AD67003C6DFB /* Resources */ = {
			isa = PBXResourcesBuildPhase;
			buildActionMask = 2147483647;
			files = (
			);
			runOnlyForDeploymentPostprocessing = 0;
		};
/* End PBXResourcesBuildPhase section */

/* Begin PBXShellScriptBuildPhase section */
		79A5640829FC9DE8004E8A7E /* Run Script */ = {
			isa = PBXShellScriptBuildPhase;
			alwaysOutOfDate = 1;
			buildActionMask = 2147483647;
			files = (
			);
			inputFileListPaths = (
			);
			inputPaths = (
				"${DWARF_DSYM_FOLDER_PATH}/${DWARF_DSYM_FILE_NAME}/Contents/Resources/DWARF/${TARGET_NAME}",
				"$(SRCROOT)/$(BUILT_PRODUCTS_DIR)/$(INFOPLIST_PATH)",
			);
			name = "Run Script";
			outputFileListPaths = (
			);
			outputPaths = (
			);
			runOnlyForDeploymentPostprocessing = 0;
			shellPath = /bin/sh;
			shellScript = "\"${BUILD_DIR%/Build/*}/SourcePackages/checkouts/firebase-ios-sdk/Crashlytics/run\"\n";
		};
/* End PBXShellScriptBuildPhase section */

/* Begin PBXSourcesBuildPhase section */
		79FA886629E4AD66003C6DFB /* Sources */ = {
			isa = PBXSourcesBuildPhase;
			buildActionMask = 2147483647;
			files = (
				7964AFE429EDE21F00065863 /* ClientSearchTextField.swift in Sources */,
				79B0243729F88C6900162878 /* CoreDataService.swift in Sources */,
				7964AFC029E7993900065863 /* Extensions.swift in Sources */,
				79F1AFCC29E4BFBB004CED4E /* CalendarViewController.swift in Sources */,
				79A563F829FB31E8004E8A7E /* FloatingLabelTextField.swift in Sources */,
				7964AFCC29E9D91400065863 /* WorkDetailViewController.swift in Sources */,
				79AED58A29F1FBD800FBF2E4 /* PhotoViewController.swift in Sources */,
				7983B00729F4C12700F2D76E /* SummaryManager.swift in Sources */,
				7964AFE129EB368900065863 /* AddEditWorkdayManager.swift in Sources */,
				7912FB3329F25DE4008BEA14 /* AddPhotoCell.swift in Sources */,
				79FA887229E4AD66003C6DFB /* SummaryViewController.swift in Sources */,
				7983B00929F7285600F2D76E /* ExportManager.swift in Sources */,
				7964AFDF29EB2CEE00065863 /* WorkdaysManager.swift in Sources */,
				795BB46E29E65D99000D7FB1 /* SettingsCell.swift in Sources */,
				7964AFCA29E8CF6300065863 /* ClientDetailsViewController.swift in Sources */,
				795BB47A29E67CC8000D7FB1 /* CalendarManager.swift in Sources */,
				79F1AFCA29E4BD32004CED4E /* HourlyTabBarController.swift in Sources */,
				79E4B9F629F3ADF000BE04FC /* CalendarDetailCell.swift in Sources */,
				79E4B9FA29F3AE2100BE04FC /* CalendarDetailController.swift in Sources */,
				79FA886E29E4AD66003C6DFB /* AppDelegate.swift in Sources */,
				795BB47129E66E3E000D7FB1 /* WorkdaysViewController.swift in Sources */,
				79C292A229EE6B5900A2A8BF /* Helper.swift in Sources */,
				79F1AFD029E4C047004CED4E /* AddEditWorkdayViewController.swift in Sources */,
				79FA88A629E4B2BD003C6DFB /* StringResource.swift in Sources */,
				79FA887829E4AD66003C6DFB /* DataModel.xcdatamodeld in Sources */,
				79F1AFD229E4C07A004CED4E /* ClientsViewController.swift in Sources */,
				79D5F6A929E5F04D00CA2542 /* ClientCell.swift in Sources */,
				79FA887029E4AD66003C6DFB /* SceneDelegate.swift in Sources */,
				795BB47C29E743F4000D7FB1 /* ExportViewController.swift in Sources */,
				79D5F6AC29E606F000CA2542 /* AddEditClientViewController.swift in Sources */,
				795BB46B29E63FB1000D7FB1 /* ColourTagButton.swift in Sources */,
				7964AFD929E9FEA000065863 /* WorkdayDetailsManager.swift in Sources */,
				79AED58329F0DE9F00FBF2E4 /* PhotoCell.swift in Sources */,
				7983B00429F4A09900F2D76E /* WorkdayCell.swift in Sources */,
				79F1AFC829E4BD0E004CED4E /* HourlyTabBar.swift in Sources */,
				79F1AFCE29E4BFD4004CED4E /* SettingsViewController.swift in Sources */,
				79F1AFD429E4C8CD004CED4E /* Constants.swift in Sources */,
				79AED58C29F2042900FBF2E4 /* PhotoCollectionCell.swift in Sources */,
				7964AFC829E89CDF00065863 /* AddEditClientManager.swift in Sources */,
				795BB47729E67881000D7FB1 /* CalendarCell.swift in Sources */,
			);
			runOnlyForDeploymentPostprocessing = 0;
		};
		79FA887F29E4AD67003C6DFB /* Sources */ = {
			isa = PBXSourcesBuildPhase;
			buildActionMask = 2147483647;
			files = (
				790FFC6029FDB4D8006BCE34 /* WorkdaysManagerTests.swift in Sources */,
				7931A4D829FDB2E5000AE03C /* WorkdayDetailsManagerTests.swift in Sources */,
				79AB6D0F29FDAC1D002E5E83 /* CalendarManagerTests.swift in Sources */,
				79A5641829FCB979004E8A7E /* AddEditWorkdayManagerTests.swift in Sources */,
				79FA888829E4AD67003C6DFB /* HourlyTests.swift in Sources */,
			);
			runOnlyForDeploymentPostprocessing = 0;
		};
		79FA888929E4AD67003C6DFB /* Sources */ = {
			isa = PBXSourcesBuildPhase;
			buildActionMask = 2147483647;
			files = (
				79FA889229E4AD67003C6DFB /* HourlyUITests.swift in Sources */,
				79FA889429E4AD67003C6DFB /* HourlyUITestsLaunchTests.swift in Sources */,
			);
			runOnlyForDeploymentPostprocessing = 0;
		};
/* End PBXSourcesBuildPhase section */

/* Begin PBXTargetDependency section */
		79FA888529E4AD67003C6DFB /* PBXTargetDependency */ = {
			isa = PBXTargetDependency;
			target = 79FA886929E4AD66003C6DFB /* Hourly */;
			targetProxy = 79FA888429E4AD67003C6DFB /* PBXContainerItemProxy */;
		};
		79FA888F29E4AD67003C6DFB /* PBXTargetDependency */ = {
			isa = PBXTargetDependency;
			target = 79FA886929E4AD66003C6DFB /* Hourly */;
			targetProxy = 79FA888E29E4AD67003C6DFB /* PBXContainerItemProxy */;
		};
/* End PBXTargetDependency section */

/* Begin PBXVariantGroup section */
		79FA887329E4AD66003C6DFB /* Main.storyboard */ = {
			isa = PBXVariantGroup;
			children = (
				79FA887429E4AD66003C6DFB /* Base */,
			);
			name = Main.storyboard;
			sourceTree = "<group>";
		};
		79FA887B29E4AD67003C6DFB /* LaunchScreen.storyboard */ = {
			isa = PBXVariantGroup;
			children = (
				79FA887C29E4AD67003C6DFB /* Base */,
			);
			name = LaunchScreen.storyboard;
			sourceTree = "<group>";
		};
		79FA88AB29E4B37E003C6DFB /* Localizable.strings */ = {
			isa = PBXVariantGroup;
			children = (
				79FA88AA29E4B37E003C6DFB /* en */,
			);
			name = Localizable.strings;
			sourceTree = "<group>";
		};
/* End PBXVariantGroup section */

/* Begin XCBuildConfiguration section */
		79FA889529E4AD67003C6DFB /* Debug */ = {
			isa = XCBuildConfiguration;
			buildSettings = {
				ALWAYS_SEARCH_USER_PATHS = NO;
				CLANG_ANALYZER_NONNULL = YES;
				CLANG_ANALYZER_NUMBER_OBJECT_CONVERSION = YES_AGGRESSIVE;
				CLANG_CXX_LANGUAGE_STANDARD = "gnu++20";
				CLANG_ENABLE_MODULES = YES;
				CLANG_ENABLE_OBJC_ARC = YES;
				CLANG_ENABLE_OBJC_WEAK = YES;
				CLANG_WARN_BLOCK_CAPTURE_AUTORELEASING = YES;
				CLANG_WARN_BOOL_CONVERSION = YES;
				CLANG_WARN_COMMA = YES;
				CLANG_WARN_CONSTANT_CONVERSION = YES;
				CLANG_WARN_DEPRECATED_OBJC_IMPLEMENTATIONS = YES;
				CLANG_WARN_DIRECT_OBJC_ISA_USAGE = YES_ERROR;
				CLANG_WARN_DOCUMENTATION_COMMENTS = YES;
				CLANG_WARN_EMPTY_BODY = YES;
				CLANG_WARN_ENUM_CONVERSION = YES;
				CLANG_WARN_INFINITE_RECURSION = YES;
				CLANG_WARN_INT_CONVERSION = YES;
				CLANG_WARN_NON_LITERAL_NULL_CONVERSION = YES;
				CLANG_WARN_OBJC_IMPLICIT_RETAIN_SELF = YES;
				CLANG_WARN_OBJC_LITERAL_CONVERSION = YES;
				CLANG_WARN_OBJC_ROOT_CLASS = YES_ERROR;
				CLANG_WARN_QUOTED_INCLUDE_IN_FRAMEWORK_HEADER = YES;
				CLANG_WARN_RANGE_LOOP_ANALYSIS = YES;
				CLANG_WARN_STRICT_PROTOTYPES = YES;
				CLANG_WARN_SUSPICIOUS_MOVE = YES;
				CLANG_WARN_UNGUARDED_AVAILABILITY = YES_AGGRESSIVE;
				CLANG_WARN_UNREACHABLE_CODE = YES;
				CLANG_WARN__DUPLICATE_METHOD_MATCH = YES;
				CODE_SIGN_ENTITLEMENTS = "";
				COPY_PHASE_STRIP = NO;
				DEBUG_INFORMATION_FORMAT = dwarf;
				ENABLE_APP_SANDBOX = NO;
				ENABLE_STRICT_OBJC_MSGSEND = YES;
				ENABLE_TESTABILITY = YES;
				GCC_C_LANGUAGE_STANDARD = gnu11;
				GCC_DYNAMIC_NO_PIC = NO;
				GCC_NO_COMMON_BLOCKS = YES;
				GCC_OPTIMIZATION_LEVEL = 0;
				GCC_PREPROCESSOR_DEFINITIONS = (
					"DEBUG=1",
					"$(inherited)",
				);
				GCC_WARN_64_TO_32_BIT_CONVERSION = YES;
				GCC_WARN_ABOUT_RETURN_TYPE = YES_ERROR;
				GCC_WARN_UNDECLARED_SELECTOR = YES;
				GCC_WARN_UNINITIALIZED_AUTOS = YES_AGGRESSIVE;
				GCC_WARN_UNUSED_FUNCTION = YES;
				GCC_WARN_UNUSED_VARIABLE = YES;
				IPHONEOS_DEPLOYMENT_TARGET = 15.0;
				MTL_ENABLE_DEBUG_INFO = INCLUDE_SOURCE;
				MTL_FAST_MATH = YES;
				ONLY_ACTIVE_ARCH = YES;
				SDKROOT = iphoneos;
				SWIFT_ACTIVE_COMPILATION_CONDITIONS = DEBUG;
				SWIFT_OPTIMIZATION_LEVEL = "-Onone";
			};
			name = Debug;
		};
		79FA889629E4AD67003C6DFB /* Release */ = {
			isa = XCBuildConfiguration;
			buildSettings = {
				ALWAYS_SEARCH_USER_PATHS = NO;
				CLANG_ANALYZER_NONNULL = YES;
				CLANG_ANALYZER_NUMBER_OBJECT_CONVERSION = YES_AGGRESSIVE;
				CLANG_CXX_LANGUAGE_STANDARD = "gnu++20";
				CLANG_ENABLE_MODULES = YES;
				CLANG_ENABLE_OBJC_ARC = YES;
				CLANG_ENABLE_OBJC_WEAK = YES;
				CLANG_WARN_BLOCK_CAPTURE_AUTORELEASING = YES;
				CLANG_WARN_BOOL_CONVERSION = YES;
				CLANG_WARN_COMMA = YES;
				CLANG_WARN_CONSTANT_CONVERSION = YES;
				CLANG_WARN_DEPRECATED_OBJC_IMPLEMENTATIONS = YES;
				CLANG_WARN_DIRECT_OBJC_ISA_USAGE = YES_ERROR;
				CLANG_WARN_DOCUMENTATION_COMMENTS = YES;
				CLANG_WARN_EMPTY_BODY = YES;
				CLANG_WARN_ENUM_CONVERSION = YES;
				CLANG_WARN_INFINITE_RECURSION = YES;
				CLANG_WARN_INT_CONVERSION = YES;
				CLANG_WARN_NON_LITERAL_NULL_CONVERSION = YES;
				CLANG_WARN_OBJC_IMPLICIT_RETAIN_SELF = YES;
				CLANG_WARN_OBJC_LITERAL_CONVERSION = YES;
				CLANG_WARN_OBJC_ROOT_CLASS = YES_ERROR;
				CLANG_WARN_QUOTED_INCLUDE_IN_FRAMEWORK_HEADER = YES;
				CLANG_WARN_RANGE_LOOP_ANALYSIS = YES;
				CLANG_WARN_STRICT_PROTOTYPES = YES;
				CLANG_WARN_SUSPICIOUS_MOVE = YES;
				CLANG_WARN_UNGUARDED_AVAILABILITY = YES_AGGRESSIVE;
				CLANG_WARN_UNREACHABLE_CODE = YES;
				CLANG_WARN__DUPLICATE_METHOD_MATCH = YES;
				CODE_SIGN_ENTITLEMENTS = "";
				COPY_PHASE_STRIP = NO;
				DEBUG_INFORMATION_FORMAT = "dwarf-with-dsym";
				ENABLE_APP_SANDBOX = NO;
				ENABLE_NS_ASSERTIONS = NO;
				ENABLE_STRICT_OBJC_MSGSEND = YES;
				GCC_C_LANGUAGE_STANDARD = gnu11;
				GCC_NO_COMMON_BLOCKS = YES;
				GCC_WARN_64_TO_32_BIT_CONVERSION = YES;
				GCC_WARN_ABOUT_RETURN_TYPE = YES_ERROR;
				GCC_WARN_UNDECLARED_SELECTOR = YES;
				GCC_WARN_UNINITIALIZED_AUTOS = YES_AGGRESSIVE;
				GCC_WARN_UNUSED_FUNCTION = YES;
				GCC_WARN_UNUSED_VARIABLE = YES;
				IPHONEOS_DEPLOYMENT_TARGET = 15.0;
				MTL_ENABLE_DEBUG_INFO = NO;
				MTL_FAST_MATH = YES;
				ONLY_ACTIVE_ARCH = NO;
				SDKROOT = iphoneos;
				SWIFT_COMPILATION_MODE = wholemodule;
				SWIFT_OPTIMIZATION_LEVEL = "-O";
				VALIDATE_PRODUCT = YES;
			};
			name = Release;
		};
		79FA889829E4AD67003C6DFB /* Debug */ = {
			isa = XCBuildConfiguration;
			buildSettings = {
				ASSETCATALOG_COMPILER_APPICON_NAME = AppIcon;
				ASSETCATALOG_COMPILER_GLOBAL_ACCENT_COLOR_NAME = AccentColor;
				CODE_SIGN_ENTITLEMENTS = "";
				CODE_SIGN_STYLE = Automatic;
				CURRENT_PROJECT_VERSION = 1;
				DEBUG_INFORMATION_FORMAT = "dwarf-with-dsym";
				DEVELOPMENT_TEAM = QL7G84W3RH;
				ENABLE_APP_SANDBOX = NO;
				GENERATE_INFOPLIST_FILE = YES;
				INFOPLIST_FILE = Hourly/Info.plist;
				INFOPLIST_KEY_UIApplicationSupportsIndirectInputEvents = YES;
				INFOPLIST_KEY_UILaunchStoryboardName = LaunchScreen;
				INFOPLIST_KEY_UIMainStoryboardFile = Main;
				INFOPLIST_KEY_UISupportedInterfaceOrientations = "UIInterfaceOrientationPortrait UIInterfaceOrientationPortraitUpsideDown";
				INFOPLIST_KEY_UISupportedInterfaceOrientations_iPad = "UIInterfaceOrientationLandscapeLeft UIInterfaceOrientationLandscapeRight UIInterfaceOrientationPortrait UIInterfaceOrientationPortraitUpsideDown";
				IPHONEOS_DEPLOYMENT_TARGET = 15.0;
				LD_RUNPATH_SEARCH_PATHS = (
					"$(inherited)",
					"@executable_path/Frameworks",
				);
				MARKETING_VERSION = 1.0;
				PRODUCT_BUNDLE_IDENTIFIER = ca.veltus.Hourly;
				PRODUCT_NAME = "$(TARGET_NAME)";
				SWIFT_EMIT_LOC_STRINGS = YES;
				SWIFT_VERSION = 5.0;
				TARGETED_DEVICE_FAMILY = "1,2";
			};
			name = Debug;
		};
		79FA889929E4AD67003C6DFB /* Release */ = {
			isa = XCBuildConfiguration;
			buildSettings = {
				ASSETCATALOG_COMPILER_APPICON_NAME = AppIcon;
				ASSETCATALOG_COMPILER_GLOBAL_ACCENT_COLOR_NAME = AccentColor;
				CODE_SIGN_ENTITLEMENTS = "";
				CODE_SIGN_STYLE = Automatic;
				CURRENT_PROJECT_VERSION = 1;
				DEBUG_INFORMATION_FORMAT = "dwarf-with-dsym";
				DEVELOPMENT_TEAM = QL7G84W3RH;
				ENABLE_APP_SANDBOX = NO;
				GENERATE_INFOPLIST_FILE = YES;
				INFOPLIST_FILE = Hourly/Info.plist;
				INFOPLIST_KEY_UIApplicationSupportsIndirectInputEvents = YES;
				INFOPLIST_KEY_UILaunchStoryboardName = LaunchScreen;
				INFOPLIST_KEY_UIMainStoryboardFile = Main;
				INFOPLIST_KEY_UISupportedInterfaceOrientations = "UIInterfaceOrientationPortrait UIInterfaceOrientationPortraitUpsideDown";
				INFOPLIST_KEY_UISupportedInterfaceOrientations_iPad = "UIInterfaceOrientationLandscapeLeft UIInterfaceOrientationLandscapeRight UIInterfaceOrientationPortrait UIInterfaceOrientationPortraitUpsideDown";
				IPHONEOS_DEPLOYMENT_TARGET = 15.0;
				LD_RUNPATH_SEARCH_PATHS = (
					"$(inherited)",
					"@executable_path/Frameworks",
				);
				MARKETING_VERSION = 1.0;
				PRODUCT_BUNDLE_IDENTIFIER = ca.veltus.Hourly;
				PRODUCT_NAME = "$(TARGET_NAME)";
				SWIFT_EMIT_LOC_STRINGS = YES;
				SWIFT_VERSION = 5.0;
				TARGETED_DEVICE_FAMILY = "1,2";
			};
			name = Release;
		};
		79FA889B29E4AD67003C6DFB /* Debug */ = {
			isa = XCBuildConfiguration;
			buildSettings = {
				ALWAYS_EMBED_SWIFT_STANDARD_LIBRARIES = YES;
				BUNDLE_LOADER = "$(TEST_HOST)";
				CODE_SIGN_ENTITLEMENTS = "";
				CODE_SIGN_STYLE = Automatic;
				CURRENT_PROJECT_VERSION = 1;
				DEVELOPMENT_TEAM = QL7G84W3RH;
				GENERATE_INFOPLIST_FILE = YES;
				IPHONEOS_DEPLOYMENT_TARGET = 15.0;
				MARKETING_VERSION = 1.0;
				PRODUCT_BUNDLE_IDENTIFIER = ca.veltus.HourlyTests;
				PRODUCT_NAME = "$(TARGET_NAME)";
				SWIFT_EMIT_LOC_STRINGS = NO;
				SWIFT_VERSION = 5.0;
				TARGETED_DEVICE_FAMILY = "1,2";
				TEST_HOST = "$(BUILT_PRODUCTS_DIR)/Hourly.app/$(BUNDLE_EXECUTABLE_FOLDER_PATH)/Hourly";
			};
			name = Debug;
		};
		79FA889C29E4AD67003C6DFB /* Release */ = {
			isa = XCBuildConfiguration;
			buildSettings = {
				ALWAYS_EMBED_SWIFT_STANDARD_LIBRARIES = YES;
				BUNDLE_LOADER = "$(TEST_HOST)";
				CODE_SIGN_ENTITLEMENTS = "";
				CODE_SIGN_STYLE = Automatic;
				CURRENT_PROJECT_VERSION = 1;
				DEVELOPMENT_TEAM = QL7G84W3RH;
				GENERATE_INFOPLIST_FILE = YES;
				IPHONEOS_DEPLOYMENT_TARGET = 15.0;
				MARKETING_VERSION = 1.0;
				PRODUCT_BUNDLE_IDENTIFIER = ca.veltus.HourlyTests;
				PRODUCT_NAME = "$(TARGET_NAME)";
				SWIFT_EMIT_LOC_STRINGS = NO;
				SWIFT_VERSION = 5.0;
				TARGETED_DEVICE_FAMILY = "1,2";
				TEST_HOST = "$(BUILT_PRODUCTS_DIR)/Hourly.app/$(BUNDLE_EXECUTABLE_FOLDER_PATH)/Hourly";
			};
			name = Release;
		};
		79FA889E29E4AD67003C6DFB /* Debug */ = {
			isa = XCBuildConfiguration;
			buildSettings = {
				ALWAYS_EMBED_SWIFT_STANDARD_LIBRARIES = YES;
				CODE_SIGN_STYLE = Automatic;
				CURRENT_PROJECT_VERSION = 1;
				DEVELOPMENT_TEAM = QL7G84W3RH;
				GENERATE_INFOPLIST_FILE = YES;
				MARKETING_VERSION = 1.0;
				PRODUCT_BUNDLE_IDENTIFIER = ca.veltus.HourlyUITests;
				PRODUCT_NAME = "$(TARGET_NAME)";
				SWIFT_EMIT_LOC_STRINGS = NO;
				SWIFT_VERSION = 5.0;
				TARGETED_DEVICE_FAMILY = "1,2";
				TEST_TARGET_NAME = Hourly;
			};
			name = Debug;
		};
		79FA889F29E4AD67003C6DFB /* Release */ = {
			isa = XCBuildConfiguration;
			buildSettings = {
				ALWAYS_EMBED_SWIFT_STANDARD_LIBRARIES = YES;
				CODE_SIGN_STYLE = Automatic;
				CURRENT_PROJECT_VERSION = 1;
				DEVELOPMENT_TEAM = QL7G84W3RH;
				GENERATE_INFOPLIST_FILE = YES;
				MARKETING_VERSION = 1.0;
				PRODUCT_BUNDLE_IDENTIFIER = ca.veltus.HourlyUITests;
				PRODUCT_NAME = "$(TARGET_NAME)";
				SWIFT_EMIT_LOC_STRINGS = NO;
				SWIFT_VERSION = 5.0;
				TARGETED_DEVICE_FAMILY = "1,2";
				TEST_TARGET_NAME = Hourly;
			};
			name = Release;
		};
/* End XCBuildConfiguration section */

/* Begin XCConfigurationList section */
		79FA886529E4AD66003C6DFB /* Build configuration list for PBXProject "Hourly" */ = {
			isa = XCConfigurationList;
			buildConfigurations = (
				79FA889529E4AD67003C6DFB /* Debug */,
				79FA889629E4AD67003C6DFB /* Release */,
			);
			defaultConfigurationIsVisible = 0;
			defaultConfigurationName = Release;
		};
		79FA889729E4AD67003C6DFB /* Build configuration list for PBXNativeTarget "Hourly" */ = {
			isa = XCConfigurationList;
			buildConfigurations = (
				79FA889829E4AD67003C6DFB /* Debug */,
				79FA889929E4AD67003C6DFB /* Release */,
			);
			defaultConfigurationIsVisible = 0;
			defaultConfigurationName = Release;
		};
		79FA889A29E4AD67003C6DFB /* Build configuration list for PBXNativeTarget "HourlyTests" */ = {
			isa = XCConfigurationList;
			buildConfigurations = (
				79FA889B29E4AD67003C6DFB /* Debug */,
				79FA889C29E4AD67003C6DFB /* Release */,
			);
			defaultConfigurationIsVisible = 0;
			defaultConfigurationName = Release;
		};
		79FA889D29E4AD67003C6DFB /* Build configuration list for PBXNativeTarget "HourlyUITests" */ = {
			isa = XCConfigurationList;
			buildConfigurations = (
				79FA889E29E4AD67003C6DFB /* Debug */,
				79FA889F29E4AD67003C6DFB /* Release */,
			);
			defaultConfigurationIsVisible = 0;
			defaultConfigurationName = Release;
		};
/* End XCConfigurationList section */

/* Begin XCRemoteSwiftPackageReference section */
		7964AFC129E7C24C00065863 /* XCRemoteSwiftPackageReference "UIColor-Hex-Swift" */ = {
			isa = XCRemoteSwiftPackageReference;
			repositoryURL = "https://github.com/yeahdongcn/UIColor-Hex-Swift.git";
			requirement = {
				kind = upToNextMajorVersion;
				minimumVersion = 5.0.0;
			};
		};
		79A5640C29FCB7EE004E8A7E /* XCRemoteSwiftPackageReference "firebase-ios-sdk" */ = {
			isa = XCRemoteSwiftPackageReference;
			repositoryURL = "https://github.com/firebase/firebase-ios-sdk";
			requirement = {
				kind = upToNextMajorVersion;
				minimumVersion = 10.9.0;
			};
		};
/* End XCRemoteSwiftPackageReference section */

/* Begin XCSwiftPackageProductDependency section */
		7964AFC229E7C24C00065863 /* UIColorHexSwift */ = {
			isa = XCSwiftPackageProductDependency;
			package = 7964AFC129E7C24C00065863 /* XCRemoteSwiftPackageReference "UIColor-Hex-Swift" */;
			productName = UIColorHexSwift;
		};
		79A5640D29FCB7EE004E8A7E /* FirebaseAnalyticsWithoutAdIdSupport */ = {
			isa = XCSwiftPackageProductDependency;
			package = 79A5640C29FCB7EE004E8A7E /* XCRemoteSwiftPackageReference "firebase-ios-sdk" */;
			productName = FirebaseAnalyticsWithoutAdIdSupport;
		};
		79A5640F29FCB7EE004E8A7E /* FirebaseCrashlytics */ = {
			isa = XCSwiftPackageProductDependency;
			package = 79A5640C29FCB7EE004E8A7E /* XCRemoteSwiftPackageReference "firebase-ios-sdk" */;
			productName = FirebaseCrashlytics;
		};
		79A5641229FCB8E9004E8A7E /* UIColorHexSwift */ = {
			isa = XCSwiftPackageProductDependency;
			package = 7964AFC129E7C24C00065863 /* XCRemoteSwiftPackageReference "UIColor-Hex-Swift" */;
			productName = UIColorHexSwift;
		};
		79A5641429FCB8F8004E8A7E /* FirebaseCrashlytics */ = {
			isa = XCSwiftPackageProductDependency;
			package = 79A5640C29FCB7EE004E8A7E /* XCRemoteSwiftPackageReference "firebase-ios-sdk" */;
			productName = FirebaseCrashlytics;
		};
/* End XCSwiftPackageProductDependency section */

/* Begin XCVersionGroup section */
		79FA887629E4AD66003C6DFB /* DataModel.xcdatamodeld */ = {
			isa = XCVersionGroup;
			children = (
				79FA887729E4AD66003C6DFB /* Hourly.xcdatamodel */,
			);
			currentVersion = 79FA887729E4AD66003C6DFB /* Hourly.xcdatamodel */;
			path = DataModel.xcdatamodeld;
			sourceTree = "<group>";
			versionGroupType = wrapper.xcdatamodel;
		};
/* End XCVersionGroup section */
	};
	rootObject = 79FA886229E4AD66003C6DFB /* Project object */;
}
